
Microsoft Visual Studio Solution File, Format Version 12.00
# Visual Studio Version 17
VisualStudioVersion = 17.3.32922.545
MinimumVisualStudioVersion = 10.0.40219.1
Project("{2150E333-8FDC-42A3-9474-1A3956D46DE8}") = "src", "src", "{F8F4DBE2-6618-43B9-92A2-F4931103F320}"
EndProject
Project("{2150E333-8FDC-42A3-9474-1A3956D46DE8}") = "Api", "Api", "{4D149E3C-DB5F-4D4F-B323-C3FE4DD493C7}"
EndProject
Project("{2150E333-8FDC-42A3-9474-1A3956D46DE8}") = "Clients", "Clients", "{2F9C675C-8390-41F9-B6AA-61DAE4511487}"
EndProject
Project("{2150E333-8FDC-42A3-9474-1A3956D46DE8}") = "Common", "Common", "{7D415DA1-5FD3-4310-8F02-3C26777664BC}"
EndProject
Project("{2150E333-8FDC-42A3-9474-1A3956D46DE8}") = "Projections", "Projections", "{8EE2F689-0B9F-4C75-BFD3-DDA919B747BD}"
EndProject
Project("{2150E333-8FDC-42A3-9474-1A3956D46DE8}") = "Core", "Core", "{DF37A5F4-B6C4-4B3E-B05A-9A0C75949403}"
EndProject
Project("{2150E333-8FDC-42A3-9474-1A3956D46DE8}") = "Infrastructure", "Infrastructure", "{E85F9018-CFC5-47EA-ABA6-8991E71CF158}"
EndProject
Project("{2150E333-8FDC-42A3-9474-1A3956D46DE8}") = "WebApi", "WebApi", "{8E792C10-F935-4F93-8FCF-9AE56A20DF27}"
EndProject
Project("{2150E333-8FDC-42A3-9474-1A3956D46DE8}") = "BlazorWeb", "BlazorWeb", "{B1ABAA07-CB81-46B7-AB2A-7B6625914C7C}"
EndProject
Project("{FAE04EC0-301F-11D3-BF4B-00C04F79EFBC}") = "Common", "src\Common\Common\Common.csproj", "{4BE89E02-53B9-4224-B87A-1B570066BDCF}"
EndProject
Project("{FAE04EC0-301F-11D3-BF4B-00C04F79EFBC}") = "Domain", "src\Api\Core\Domain\Domain.csproj", "{B41945EE-DBB9-45E7-9769-36F8A048E519}"
EndProject
Project("{FAE04EC0-301F-11D3-BF4B-00C04F79EFBC}") = "Application", "src\Api\Core\Application\Application.csproj", "{74CD2DAA-2E70-43D9-A45C-439E0E0A58BA}"
EndProject
Project("{FAE04EC0-301F-11D3-BF4B-00C04F79EFBC}") = "Persistance", "src\Api\Infrastructure\Persistance\Persistance.csproj", "{C1BB3743-F617-4EF1-9B62-947AB53D5355}"
EndProject
Project("{FAE04EC0-301F-11D3-BF4B-00C04F79EFBC}") = "WebApi", "src\Api\WebApi\WebApi\WebApi.csproj", "{806E0F53-BEFB-4C4F-A5DB-5F0325D29F93}"
EndProject
Project("{FAE04EC0-301F-11D3-BF4B-00C04F79EFBC}") = "FavoriteWorkerService", "src\Projections\FavoriteWorkerService\FavoriteWorkerService.csproj", "{DF0D0291-2D9F-4A00-BFE7-AEC480F4A99E}"
EndProject
Project("{FAE04EC0-301F-11D3-BF4B-00C04F79EFBC}") = "UserWorkerService", "src\Projections\UserWorkerService\UserWorkerService.csproj", "{BF6D5E43-9ACA-466F-9C43-0E82A7BCE226}"
EndProject
Project("{FAE04EC0-301F-11D3-BF4B-00C04F79EFBC}") = "VoteWorkerService", "src\Projections\VoteWorkerService\VoteWorkerService.csproj", "{95390574-DF41-47EA-A149-A5E670A7CC6D}"
EndProject
Project("{FAE04EC0-301F-11D3-BF4B-00C04F79EFBC}") = "BlazorDictionaryApp", "src\Clients\BlazorWeb\BlazorDictionaryApp\BlazorDictionaryApp.csproj", "{D49D7E41-E4D6-4FF9-AF6B-CD35E2ED60A8}"
EndProject
Global
	GlobalSection(SolutionConfigurationPlatforms) = preSolution
		Debug|Any CPU = Debug|Any CPU
		Release|Any CPU = Release|Any CPU
	EndGlobalSection
	GlobalSection(ProjectConfigurationPlatforms) = postSolution
		{4BE89E02-53B9-4224-B87A-1B570066BDCF}.Debug|Any CPU.ActiveCfg = Debug|Any CPU
		{4BE89E02-53B9-4224-B87A-1B570066BDCF}.Debug|Any CPU.Build.0 = Debug|Any CPU
		{4BE89E02-53B9-4224-B87A-1B570066BDCF}.Release|Any CPU.ActiveCfg = Release|Any CPU
		{4BE89E02-53B9-4224-B87A-1B570066BDCF}.Release|Any CPU.Build.0 = Release|Any CPU
		{B41945EE-DBB9-45E7-9769-36F8A048E519}.Debug|Any CPU.ActiveCfg = Debug|Any CPU
		{B41945EE-DBB9-45E7-9769-36F8A048E519}.Debug|Any CPU.Build.0 = Debug|Any CPU
		{B41945EE-DBB9-45E7-9769-36F8A048E519}.Release|Any CPU.ActiveCfg = Release|Any CPU
		{B41945EE-DBB9-45E7-9769-36F8A048E519}.Release|Any CPU.Build.0 = Release|Any CPU
		{74CD2DAA-2E70-43D9-A45C-439E0E0A58BA}.Debug|Any CPU.ActiveCfg = Debug|Any CPU
		{74CD2DAA-2E70-43D9-A45C-439E0E0A58BA}.Debug|Any CPU.Build.0 = Debug|Any CPU
		{74CD2DAA-2E70-43D9-A45C-439E0E0A58BA}.Release|Any CPU.ActiveCfg = Release|Any CPU
		{74CD2DAA-2E70-43D9-A45C-439E0E0A58BA}.Release|Any CPU.Build.0 = Release|Any CPU
		{C1BB3743-F617-4EF1-9B62-947AB53D5355}.Debug|Any CPU.ActiveCfg = Debug|Any CPU
		{C1BB3743-F617-4EF1-9B62-947AB53D5355}.Debug|Any CPU.Build.0 = Debug|Any CPU
		{C1BB3743-F617-4EF1-9B62-947AB53D5355}.Release|Any CPU.ActiveCfg = Release|Any CPU
		{C1BB3743-F617-4EF1-9B62-947AB53D5355}.Release|Any CPU.Build.0 = Release|Any CPU
		{806E0F53-BEFB-4C4F-A5DB-5F0325D29F93}.Debug|Any CPU.ActiveCfg = Debug|Any CPU
		{806E0F53-BEFB-4C4F-A5DB-5F0325D29F93}.Debug|Any CPU.Build.0 = Debug|Any CPU
		{806E0F53-BEFB-4C4F-A5DB-5F0325D29F93}.Release|Any CPU.ActiveCfg = Release|Any CPU
		{806E0F53-BEFB-4C4F-A5DB-5F0325D29F93}.Release|Any CPU.Build.0 = Release|Any CPU
		{DF0D0291-2D9F-4A00-BFE7-AEC480F4A99E}.Debug|Any CPU.ActiveCfg = Debug|Any CPU
		{DF0D0291-2D9F-4A00-BFE7-AEC480F4A99E}.Debug|Any CPU.Build.0 = Debug|Any CPU
		{DF0D0291-2D9F-4A00-BFE7-AEC480F4A99E}.Release|Any CPU.ActiveCfg = Release|Any CPU
		{DF0D0291-2D9F-4A00-BFE7-AEC480F4A99E}.Release|Any CPU.Build.0 = Release|Any CPU
		{BF6D5E43-9ACA-466F-9C43-0E82A7BCE226}.Debug|Any CPU.ActiveCfg = Debug|Any CPU
		{BF6D5E43-9ACA-466F-9C43-0E82A7BCE226}.Debug|Any CPU.Build.0 = Debug|Any CPU
		{BF6D5E43-9ACA-466F-9C43-0E82A7BCE226}.Release|Any CPU.ActiveCfg = Release|Any CPU
		{BF6D5E43-9ACA-466F-9C43-0E82A7BCE226}.Release|Any CPU.Build.0 = Release|Any CPU
		{95390574-DF41-47EA-A149-A5E670A7CC6D}.Debug|Any CPU.ActiveCfg = Debug|Any CPU
		{95390574-DF41-47EA-A149-A5E670A7CC6D}.Debug|Any CPU.Build.0 = Debug|Any CPU
		{95390574-DF41-47EA-A149-A5E670A7CC6D}.Release|Any CPU.ActiveCfg = Release|Any CPU
		{95390574-DF41-47EA-A149-A5E670A7CC6D}.Release|Any CPU.Build.0 = Release|Any CPU
		{D49D7E41-E4D6-4FF9-AF6B-CD35E2ED60A8}.Debug|Any CPU.ActiveCfg = Debug|Any CPU
		{D49D7E41-E4D6-4FF9-AF6B-CD35E2ED60A8}.Debug|Any CPU.Build.0 = Debug|Any CPU
		{D49D7E41-E4D6-4FF9-AF6B-CD35E2ED60A8}.Release|Any CPU.ActiveCfg = Release|Any CPU
		{D49D7E41-E4D6-4FF9-AF6B-CD35E2ED60A8}.Release|Any CPU.Build.0 = Release|Any CPU
	EndGlobalSection
	GlobalSection(SolutionProperties) = preSolution
		HideSolutionNode = FALSE
	EndGlobalSection
	GlobalSection(NestedProjects) = preSolution
		{4D149E3C-DB5F-4D4F-B323-C3FE4DD493C7} = {F8F4DBE2-6618-43B9-92A2-F4931103F320}
		{2F9C675C-8390-41F9-B6AA-61DAE4511487} = {F8F4DBE2-6618-43B9-92A2-F4931103F320}
		{7D415DA1-5FD3-4310-8F02-3C26777664BC} = {F8F4DBE2-6618-43B9-92A2-F4931103F320}
		{8EE2F689-0B9F-4C75-BFD3-DDA919B747BD} = {F8F4DBE2-6618-43B9-92A2-F4931103F320}
		{DF37A5F4-B6C4-4B3E-B05A-9A0C75949403} = {4D149E3C-DB5F-4D4F-B323-C3FE4DD493C7}
		{E85F9018-CFC5-47EA-ABA6-8991E71CF158} = {4D149E3C-DB5F-4D4F-B323-C3FE4DD493C7}
		{8E792C10-F935-4F93-8FCF-9AE56A20DF27} = {4D149E3C-DB5F-4D4F-B323-C3FE4DD493C7}
		{B1ABAA07-CB81-46B7-AB2A-7B6625914C7C} = {2F9C675C-8390-41F9-B6AA-61DAE4511487}
		{4BE89E02-53B9-4224-B87A-1B570066BDCF} = {7D415DA1-5FD3-4310-8F02-3C26777664BC}
		{B41945EE-DBB9-45E7-9769-36F8A048E519} = {DF37A5F4-B6C4-4B3E-B05A-9A0C75949403}
		{74CD2DAA-2E70-43D9-A45C-439E0E0A58BA} = {DF37A5F4-B6C4-4B3E-B05A-9A0C75949403}
		{C1BB3743-F617-4EF1-9B62-947AB53D5355} = {E85F9018-CFC5-47EA-ABA6-8991E71CF158}
		{806E0F53-BEFB-4C4F-A5DB-5F0325D29F93} = {8E792C10-F935-4F93-8FCF-9AE56A20DF27}
		{DF0D0291-2D9F-4A00-BFE7-AEC480F4A99E} = {8EE2F689-0B9F-4C75-BFD3-DDA919B747BD}
		{BF6D5E43-9ACA-466F-9C43-0E82A7BCE226} = {8EE2F689-0B9F-4C75-BFD3-DDA919B747BD}
		{95390574-DF41-47EA-A149-A5E670A7CC6D} = {8EE2F689-0B9F-4C75-BFD3-DDA919B747BD}
		{D49D7E41-E4D6-4FF9-AF6B-CD35E2ED60A8} = {B1ABAA07-CB81-46B7-AB2A-7B6625914C7C}
	EndGlobalSection
	GlobalSection(ExtensibilityGlobals) = postSolution
		SolutionGuid = {D4C8D521-0AFD-4F8C-BC2F-624C8C65F38E}
	EndGlobalSection
EndGlobal
